
Microsoft Visual Studio Solution File, Format Version 12.00
# Visual Studio Version 16
VisualStudioVersion = 16.0.31424.327
MinimumVisualStudioVersion = 10.0.40219.1
Project("{FAE04EC0-301F-11D3-BF4B-00C04F79EFBC}") = "Q1", "Q1\Q1.csproj", "{88F6BB69-B0AA-43E4-AAC1-64DB0BD8F518}"
EndProject
Project("{FAE04EC0-301F-11D3-BF4B-00C04F79EFBC}") = "Q16", "Q16\Q16.csproj", "{201866D7-2954-46F8-9332-4E34231D5B1D}"
EndProject
Project("{FAE04EC0-301F-11D3-BF4B-00C04F79EFBC}") = "Q18", "Q18\Q18.csproj", "{5FD2EA5C-4CF5-4DBC-8583-7B8F2D13EF4B}"
EndProject
Global
	GlobalSection(SolutionConfigurationPlatforms) = preSolution
		Debug|Any CPU = Debug|Any CPU
		Release|Any CPU = Release|Any CPU
	EndGlobalSection
	GlobalSection(ProjectConfigurationPlatforms) = postSolution
		{88F6BB69-B0AA-43E4-AAC1-64DB0BD8F518}.Debug|Any CPU.ActiveCfg = Debug|Any CPU
		{88F6BB69-B0AA-43E4-AAC1-64DB0BD8F518}.Debug|Any CPU.Build.0 = Debug|Any CPU
		{88F6BB69-B0AA-43E4-AAC1-64DB0BD8F518}.Release|Any CPU.ActiveCfg = Release|Any CPU
		{88F6BB69-B0AA-43E4-AAC1-64DB0BD8F518}.Release|Any CPU.Build.0 = Release|Any CPU
		{201866D7-2954-46F8-9332-4E34231D5B1D}.Debug|Any CPU.ActiveCfg = Debug|Any CPU
		{201866D7-2954-46F8-9332-4E34231D5B1D}.Debug|Any CPU.Build.0 = Debug|Any CPU
		{201866D7-2954-46F8-9332-4E34231D5B1D}.Release|Any CPU.ActiveCfg = Release|Any CPU
		{201866D7-2954-46F8-9332-4E34231D5B1D}.Release|Any CPU.Build.0 = Release|Any CPU
		{5FD2EA5C-4CF5-4DBC-8583-7B8F2D13EF4B}.Debug|Any CPU.ActiveCfg = Debug|Any CPU
		{5FD2EA5C-4CF5-4DBC-8583-7B8F2D13EF4B}.Debug|Any CPU.Build.0 = Debug|Any CPU
		{5FD2EA5C-4CF5-4DBC-8583-7B8F2D13EF4B}.Release|Any CPU.ActiveCfg = Release|Any CPU
		{5FD2EA5C-4CF5-4DBC-8583-7B8F2D13EF4B}.Release|Any CPU.Build.0 = Release|Any CPU
	EndGlobalSection
	GlobalSection(SolutionProperties) = preSolution
		HideSolutionNode = FALSE
	EndGlobalSection
	GlobalSection(ExtensibilityGlobals) = postSolution
		SolutionGuid = {B407AB9A-BD35-481F-959B-EA74184F8B43}
	EndGlobalSection
EndGlobal
